
Microsoft Visual Studio Solution File, Format Version 12.00
# Visual Studio Version 17
VisualStudioVersion = 17.9.34622.214
MinimumVisualStudioVersion = 10.0.40219.1
Project("{FAE04EC0-301F-11D3-BF4B-00C04F79EFBC}") = "Faice-Backend", "Faice-Backend\Faice-Backend.csproj", "{EA469097-51EA-4B25-9CB5-AED8F4696D94}"
EndProject
Global
	GlobalSection(SolutionConfigurationPlatforms) = preSolution
		Debug|Any CPU = Debug|Any CPU
		Release|Any CPU = Release|Any CPU
	EndGlobalSection
	GlobalSection(ProjectConfigurationPlatforms) = postSolution
		{EA469097-51EA-4B25-9CB5-AED8F4696D94}.Debug|Any CPU.ActiveCfg = Debug|Any CPU
		{EA469097-51EA-4B25-9CB5-AED8F4696D94}.Debug|Any CPU.Build.0 = Debug|Any CPU
		{EA469097-51EA-4B25-9CB5-AED8F4696D94}.Release|Any CPU.ActiveCfg = Release|Any CPU
		{EA469097-51EA-4B25-9CB5-AED8F4696D94}.Release|Any CPU.Build.0 = Release|Any CPU
	EndGlobalSection
	GlobalSection(SolutionProperties) = preSolution
		HideSolutionNode = FALSE
	EndGlobalSection
	GlobalSection(ExtensibilityGlobals) = postSolution
		SolutionGuid = {CB37131D-4DF3-4B2E-837E-00A0988306E2}
	EndGlobalSection
EndGlobal
